
Microsoft Visual Studio Solution File, Format Version 12.00
# Visual Studio Version 16
VisualStudioVersion = 16.0.30621.155
MinimumVisualStudioVersion = 10.0.40219.1
Project("{FAE04EC0-301F-11D3-BF4B-00C04F79EFBC}") = "Castanion.DataAccess", "Castanion.DataAccess\Castanion.DataAccess.csproj", "{5652FA0A-9B98-45DE-86B6-FB715F2C1B70}"
EndProject
Project("{FAE04EC0-301F-11D3-BF4B-00C04F79EFBC}") = "Castanion.Security", "Castanion.Security\Castanion.Security.csproj", "{511673C4-AEBE-4330-9C68-B50A7B1599A5}"
EndProject
Global
	GlobalSection(SolutionConfigurationPlatforms) = preSolution
		Debug|Any CPU = Debug|Any CPU
		Release|Any CPU = Release|Any CPU
	EndGlobalSection
	GlobalSection(ProjectConfigurationPlatforms) = postSolution
		{5652FA0A-9B98-45DE-86B6-FB715F2C1B70}.Debug|Any CPU.ActiveCfg = Debug|Any CPU
		{5652FA0A-9B98-45DE-86B6-FB715F2C1B70}.Debug|Any CPU.Build.0 = Debug|Any CPU
		{5652FA0A-9B98-45DE-86B6-FB715F2C1B70}.Release|Any CPU.ActiveCfg = Release|Any CPU
		{5652FA0A-9B98-45DE-86B6-FB715F2C1B70}.Release|Any CPU.Build.0 = Release|Any CPU
		{511673C4-AEBE-4330-9C68-B50A7B1599A5}.Debug|Any CPU.ActiveCfg = Debug|Any CPU
		{511673C4-AEBE-4330-9C68-B50A7B1599A5}.Debug|Any CPU.Build.0 = Debug|Any CPU
		{511673C4-AEBE-4330-9C68-B50A7B1599A5}.Release|Any CPU.ActiveCfg = Release|Any CPU
		{511673C4-AEBE-4330-9C68-B50A7B1599A5}.Release|Any CPU.Build.0 = Release|Any CPU
	EndGlobalSection
	GlobalSection(SolutionProperties) = preSolution
		HideSolutionNode = FALSE
	EndGlobalSection
	GlobalSection(ExtensibilityGlobals) = postSolution
		SolutionGuid = {3C8FB321-2B58-41FA-80A5-88C5156450DC}
	EndGlobalSection
EndGlobal
